
Microsoft Visual Studio Solution File, Format Version 12.00
# Visual Studio Version 16
VisualStudioVersion = 16.0.30717.126
MinimumVisualStudioVersion = 10.0.40219.1
Project("{A07B5EB6-E848-4116-A8D0-A826331D98C6}") = "tickets_app", "tickets_app.sfproj", "{0F4BBD17-F1FC-4B5C-9268-01E45BD25428}"
EndProject
Project("{FAE04EC0-301F-11D3-BF4B-00C04F79EFBC}") = "TicketsStateful", "..\Stateful1\TicketsStateful.csproj", "{F29CC980-05D8-4BF4-8419-13F1AE8BAA99}"
EndProject
Project("{9A19103F-16F7-4668-BE54-9A1E7A4F7556}") = "WebClient", "WebClient\WebClient.csproj", "{58F8A4F6-772C-4945-AACC-32F9277AB137}"
EndProject
Project("{9A19103F-16F7-4668-BE54-9A1E7A4F7556}") = "Common", "..\Common\Common.csproj", "{D1E337BC-72BF-4246-93B9-7C0580D6BDFD}"
EndProject
Project("{FAE04EC0-301F-11D3-BF4B-00C04F79EFBC}") = "StatelessActive", "StatelessActive\StatelessActive.csproj", "{929822D1-8ABD-4D90-989C-D933E569D19A}"
EndProject
Project("{FAE04EC0-301F-11D3-BF4B-00C04F79EFBC}") = "StatelessHistory", "StatelessHistory\StatelessHistory.csproj", "{12692571-9F6D-4225-AFB6-52C7393F0624}"
EndProject
Global
	GlobalSection(SolutionConfigurationPlatforms) = preSolution
		Debug|Any CPU = Debug|Any CPU
		Debug|x64 = Debug|x64
		Release|Any CPU = Release|Any CPU
		Release|x64 = Release|x64
	EndGlobalSection
	GlobalSection(ProjectConfigurationPlatforms) = postSolution
		{0F4BBD17-F1FC-4B5C-9268-01E45BD25428}.Debug|Any CPU.ActiveCfg = Debug|x64
		{0F4BBD17-F1FC-4B5C-9268-01E45BD25428}.Debug|x64.ActiveCfg = Debug|x64
		{0F4BBD17-F1FC-4B5C-9268-01E45BD25428}.Debug|x64.Build.0 = Debug|x64
		{0F4BBD17-F1FC-4B5C-9268-01E45BD25428}.Debug|x64.Deploy.0 = Debug|x64
		{0F4BBD17-F1FC-4B5C-9268-01E45BD25428}.Release|Any CPU.ActiveCfg = Release|x64
		{0F4BBD17-F1FC-4B5C-9268-01E45BD25428}.Release|x64.ActiveCfg = Release|x64
		{0F4BBD17-F1FC-4B5C-9268-01E45BD25428}.Release|x64.Build.0 = Release|x64
		{0F4BBD17-F1FC-4B5C-9268-01E45BD25428}.Release|x64.Deploy.0 = Release|x64
		{F29CC980-05D8-4BF4-8419-13F1AE8BAA99}.Debug|Any CPU.ActiveCfg = Debug|x64
		{F29CC980-05D8-4BF4-8419-13F1AE8BAA99}.Debug|x64.ActiveCfg = Debug|x64
		{F29CC980-05D8-4BF4-8419-13F1AE8BAA99}.Debug|x64.Build.0 = Debug|x64
		{F29CC980-05D8-4BF4-8419-13F1AE8BAA99}.Release|Any CPU.ActiveCfg = Release|x64
		{F29CC980-05D8-4BF4-8419-13F1AE8BAA99}.Release|x64.ActiveCfg = Release|x64
		{F29CC980-05D8-4BF4-8419-13F1AE8BAA99}.Release|x64.Build.0 = Release|x64
		{58F8A4F6-772C-4945-AACC-32F9277AB137}.Debug|Any CPU.ActiveCfg = Debug|Any CPU
		{58F8A4F6-772C-4945-AACC-32F9277AB137}.Debug|Any CPU.Build.0 = Debug|Any CPU
		{58F8A4F6-772C-4945-AACC-32F9277AB137}.Debug|x64.ActiveCfg = Debug|Any CPU
		{58F8A4F6-772C-4945-AACC-32F9277AB137}.Debug|x64.Build.0 = Debug|Any CPU
		{58F8A4F6-772C-4945-AACC-32F9277AB137}.Release|Any CPU.ActiveCfg = Release|Any CPU
		{58F8A4F6-772C-4945-AACC-32F9277AB137}.Release|Any CPU.Build.0 = Release|Any CPU
		{58F8A4F6-772C-4945-AACC-32F9277AB137}.Release|x64.ActiveCfg = Release|Any CPU
		{58F8A4F6-772C-4945-AACC-32F9277AB137}.Release|x64.Build.0 = Release|Any CPU
		{D1E337BC-72BF-4246-93B9-7C0580D6BDFD}.Debug|Any CPU.ActiveCfg = Debug|Any CPU
		{D1E337BC-72BF-4246-93B9-7C0580D6BDFD}.Debug|Any CPU.Build.0 = Debug|Any CPU
		{D1E337BC-72BF-4246-93B9-7C0580D6BDFD}.Debug|x64.ActiveCfg = Debug|Any CPU
		{D1E337BC-72BF-4246-93B9-7C0580D6BDFD}.Debug|x64.Build.0 = Debug|Any CPU
		{D1E337BC-72BF-4246-93B9-7C0580D6BDFD}.Release|Any CPU.ActiveCfg = Release|Any CPU
		{D1E337BC-72BF-4246-93B9-7C0580D6BDFD}.Release|Any CPU.Build.0 = Release|Any CPU
		{D1E337BC-72BF-4246-93B9-7C0580D6BDFD}.Release|x64.ActiveCfg = Release|Any CPU
		{D1E337BC-72BF-4246-93B9-7C0580D6BDFD}.Release|x64.Build.0 = Release|Any CPU
		{929822D1-8ABD-4D90-989C-D933E569D19A}.Debug|Any CPU.ActiveCfg = Debug|x64
		{929822D1-8ABD-4D90-989C-D933E569D19A}.Debug|x64.ActiveCfg = Debug|x64
		{929822D1-8ABD-4D90-989C-D933E569D19A}.Debug|x64.Build.0 = Debug|x64
		{929822D1-8ABD-4D90-989C-D933E569D19A}.Release|Any CPU.ActiveCfg = Release|x64
		{929822D1-8ABD-4D90-989C-D933E569D19A}.Release|x64.ActiveCfg = Release|x64
		{929822D1-8ABD-4D90-989C-D933E569D19A}.Release|x64.Build.0 = Release|x64
		{12692571-9F6D-4225-AFB6-52C7393F0624}.Debug|Any CPU.ActiveCfg = Debug|x64
		{12692571-9F6D-4225-AFB6-52C7393F0624}.Debug|x64.ActiveCfg = Debug|x64
		{12692571-9F6D-4225-AFB6-52C7393F0624}.Debug|x64.Build.0 = Debug|x64
		{12692571-9F6D-4225-AFB6-52C7393F0624}.Release|Any CPU.ActiveCfg = Release|x64
		{12692571-9F6D-4225-AFB6-52C7393F0624}.Release|x64.ActiveCfg = Release|x64
		{12692571-9F6D-4225-AFB6-52C7393F0624}.Release|x64.Build.0 = Release|x64
	EndGlobalSection
	GlobalSection(SolutionProperties) = preSolution
		HideSolutionNode = FALSE
	EndGlobalSection
	GlobalSection(ExtensibilityGlobals) = postSolution
		SolutionGuid = {90AC9414-9A90-403C-B609-A8A6742D6699}
	EndGlobalSection
EndGlobal
